github.com/go-sonr/wasm-http-server/v3 v3.0.1 h1:whj/993SoqrjQlog0kxPJrpN1tnekQE0BreEvIJL89c=
github.com/go-sonr/wasm-http-server/v3 v3.0.1/go.mod h1:7K1wjcCln1rAsTJ2lR+0tsEnk4/ekq9Ku0B79EabGWI=
github.com/hack-pad/safejs v0.1.1 h1:d5qPO0iQ7h2oVtpzGnLExE+Wn9AtytxIfltcS2b9KD8=
github.com/hack-pad/safejs v0.1.1/go.mod h1:HdS+bKF1NrE72VoXZeWzxFOVQVUSqZJAG0xNCnb+Tio=
